
Microsoft Visual Studio Solution File, Format Version 12.00
# Visual Studio 15
VisualStudioVersion = 15.0.28307.329
MinimumVisualStudioVersion = 10.0.40219.1
Project("{FAE04EC0-301F-11D3-BF4B-00C04F79EFBC}") = "PasswordResetDashboard", "PasswordResetDashboard\PasswordResetDashboard.csproj", "{87931857-425E-4476-B988-C44AA8C5DFFE}"
EndProject
Global
	GlobalSection(SolutionConfigurationPlatforms) = preSolution
		Debug|Any CPU = Debug|Any CPU
		Release|Any CPU = Release|Any CPU
	EndGlobalSection
	GlobalSection(ProjectConfigurationPlatforms) = postSolution
		{87931857-425E-4476-B988-C44AA8C5DFFE}.Debug|Any CPU.ActiveCfg = Debug|Any CPU
		{87931857-425E-4476-B988-C44AA8C5DFFE}.Debug|Any CPU.Build.0 = Debug|Any CPU
		{87931857-425E-4476-B988-C44AA8C5DFFE}.Release|Any CPU.ActiveCfg = Release|Any CPU
		{87931857-425E-4476-B988-C44AA8C5DFFE}.Release|Any CPU.Build.0 = Release|Any CPU
	EndGlobalSection
	GlobalSection(SolutionProperties) = preSolution
		HideSolutionNode = FALSE
	EndGlobalSection
	GlobalSection(ExtensibilityGlobals) = postSolution
		SolutionGuid = {C7E6D30D-90FE-4278-A76D-5AB6D376E498}
	EndGlobalSection
EndGlobal
